FORGE
  remote: https://forgeapi.puppetlabs.com
  specs:
    darin/zypprepo (1.0.1)
    maestrodev/maven (1.2.0)
      maestrodev/wget (>= 1.0.0)
    maestrodev/sonarqube (2.1.1)
      maestrodev/maven (>= 0.0.2)
      maestrodev/wget (>= 0.0.1)
      puppetlabs/stdlib (>= 2.3.0)
    maestrodev/wget (1.5.6)
    puppetlabs/apt (1.5.0)
      puppetlabs/stdlib (>= 2.2.1)
    puppetlabs/concat (1.1.1)
      puppetlabs/stdlib (< 5.0.0, >= 3.2.0)
    puppetlabs/firewall (1.1.2)
    puppetlabs/java (1.1.1)
      puppetlabs/stdlib (>= 0.1.6)
    puppetlabs/postgresql (3.3.3)
      puppetlabs/apt (< 2.0.0, >= 1.1.0)
      puppetlabs/concat (< 2.0.0, >= 1.0.0)
      puppetlabs/firewall (>= 0.0.4)
      puppetlabs/stdlib (< 5.0.0, >= 3.2.0)
    puppetlabs/ruby (0.3.0)
      puppetlabs/stdlib (< 5.0.0, >= 3.2.0)
    puppetlabs/stdlib (4.2.2)
    rtyler/jenkins (1.1.0)
      darin/zypprepo (>= 1.0.1)
      puppetlabs/apt (>= 0.0.3)
      puppetlabs/java (>= 1.0.1)
      puppetlabs/stdlib (>= 2.0.0)

GIT
  remote: https://github.com/dkowis/garethr-remotesyslog
  ref: debian_wheezy
  sha: f952883a3e5d7cc338f914a8264614b863429bf3
  specs:
    garethr/remotesyslog (0.1.1)
      puppetlabs/ruby (>= 0)
      puppetlabs/stdlib (>= 0)

GIT
  remote: https://github.com/rackerlabs/repose-puppet-modules
  path: base
  ref: master
  sha: f8625dfc5cd85d072d7ec962c235643b76e1481e
  specs:
    repose/base (0.0.1)

GIT
  remote: https://github.com/rackerlabs/repose-puppet-modules
  path: cloud_monitoring
  ref: master
  sha: f8625dfc5cd85d072d7ec962c235643b76e1481e
  specs:
    repose/cloud_monitoring (0.0.1)

GIT
  remote: https://github.com/rackerlabs/repose-puppet-modules
  path: common_utils
  ref: master
  sha: f8625dfc5cd85d072d7ec962c235643b76e1481e
  specs:
    repose/common_utils (0.0.1)

GIT
  remote: https://github.com/rackerlabs/repose-puppet-modules
  path: git
  ref: master
  sha: f8625dfc5cd85d072d7ec962c235643b76e1481e
  specs:
    repose/git (0.0.1)

GIT
  remote: https://github.com/rackerlabs/repose-puppet-modules
  path: manual_gradle
  ref: master
  sha: f8625dfc5cd85d072d7ec962c235643b76e1481e
  specs:
    repose/manual_gradle (0.0.1)

GIT
  remote: https://github.com/rackerlabs/repose-puppet-modules
  path: manual_groovy
  ref: master
  sha: f8625dfc5cd85d072d7ec962c235643b76e1481e
  specs:
    repose/manual_groovy (0.0.1)

GIT
  remote: https://github.com/rackerlabs/repose-puppet-modules
  path: manual_java
  ref: master
  sha: f8625dfc5cd85d072d7ec962c235643b76e1481e
  specs:
    repose/manual_java (0.0.1)

GIT
  remote: https://github.com/rackerlabs/repose-puppet-modules
  path: manual_maven
  ref: master
  sha: f8625dfc5cd85d072d7ec962c235643b76e1481e
  specs:
    repose/manual_maven (0.0.1)

GIT
  remote: https://github.com/rackerlabs/repose-puppet-modules
  path: mumble_server
  ref: master
  sha: f8625dfc5cd85d072d7ec962c235643b76e1481e
  specs:
    repose/mumble_server (0.0.1)

GIT
  remote: https://github.com/rackerlabs/repose-puppet-modules
  path: puppet_master
  ref: master
  sha: f8625dfc5cd85d072d7ec962c235643b76e1481e
  specs:
    repose/puppet_master (0.0.1)

GIT
  remote: https://github.com/rackerlabs/repose-puppet-modules
  path: repose_jenkins
  ref: master
  sha: f8625dfc5cd85d072d7ec962c235643b76e1481e
  specs:
    repose/repose_jenkins (0.0.1)

GIT
  remote: https://github.com/rackerlabs/repose-puppet-modules
  path: repose_sonar
  ref: master
  sha: f8625dfc5cd85d072d7ec962c235643b76e1481e
  specs:
    repose/repose_sonar (0.0.1)

GIT
  remote: https://github.com/rackerlabs/repose-puppet-modules
  path: ssl_cert
  ref: master
  sha: f8625dfc5cd85d072d7ec962c235643b76e1481e
  specs:
    repose/ssl_cert (0.0.1)

GIT
  remote: https://github.com/rackerlabs/repose-puppet-modules
  path: users
  ref: master
  sha: f8625dfc5cd85d072d7ec962c235643b76e1481e
  specs:
    repose/users (0.0.1)

DEPENDENCIES
  garethr/remotesyslog (>= 0)
  maestrodev/maven (= 1.2.0)
  maestrodev/sonarqube (= 2.1.1)
  puppetlabs/apt (= 1.5.0)
  puppetlabs/firewall (= 1.1.2)
  puppetlabs/java (= 1.1.1)
  puppetlabs/postgresql (= 3.3.3)
  puppetlabs/stdlib (= 4.2.2)
  repose/base (>= 0)
  repose/cloud_monitoring (>= 0)
  repose/common_utils (>= 0)
  repose/git (>= 0)
  repose/manual_gradle (>= 0)
  repose/manual_groovy (>= 0)
  repose/manual_java (>= 0)
  repose/manual_maven (>= 0)
  repose/mumble_server (>= 0)
  repose/puppet_master (>= 0)
  repose/repose_jenkins (>= 0)
  repose/repose_sonar (>= 0)
  repose/ssl_cert (>= 0)
  repose/users (>= 0)
  rtyler/jenkins (= 1.1.0)

