FORGE
  remote: https://forgeapi.puppetlabs.com
  specs:
    example42/java (2.0.3)
      example42/puppi (>= 2.0.0)
    example42/puppi (2.1.9)
    maestrodev/maven (1.2.0)
      maestrodev/wget (>= 1.0.0)
    maestrodev/wget (1.4.3)
    puppetlabs/apt (1.5.0)
      puppetlabs/stdlib (>= 2.2.1)
    puppetlabs/firewall (1.1.2)
    puppetlabs/stdlib (4.2.2)

GIT
  remote: https://github.com/rackerlabs/repose-puppet-modules
  path: base
  ref: master
  sha: 4e0947bc27688926f828cad0fb2702e9c6e9e4d0
  specs:
    repose/base (0.0.1)

GIT
  remote: https://github.com/rackerlabs/repose-puppet-modules
  path: cloud_monitoring
  ref: master
  sha: 4e0947bc27688926f828cad0fb2702e9c6e9e4d0
  specs:
    repose/cloud_monitoring (0.0.1)

GIT
  remote: https://github.com/rackerlabs/repose-puppet-modules
  path: common_utils
  ref: master
  sha: 4e0947bc27688926f828cad0fb2702e9c6e9e4d0
  specs:
    repose/common_utils (0.0.1)

GIT
  remote: https://github.com/rackerlabs/repose-puppet-modules
  path: git
  ref: master
  sha: 4e0947bc27688926f828cad0fb2702e9c6e9e4d0
  specs:
    repose/git (0.0.1)

GIT
  remote: https://github.com/rackerlabs/repose-puppet-modules
  path: jenkins
  ref: master
  sha: 4e0947bc27688926f828cad0fb2702e9c6e9e4d0
  specs:
    repose/jenkins (0.0.1)

GIT
  remote: https://github.com/rackerlabs/repose-puppet-modules
  path: manual_gradle
  ref: master
  sha: 4e0947bc27688926f828cad0fb2702e9c6e9e4d0
  specs:
    repose/manual_gradle (0.0.1)

GIT
  remote: https://github.com/rackerlabs/repose-puppet-modules
  path: manual_groovy
  ref: master
  sha: 4e0947bc27688926f828cad0fb2702e9c6e9e4d0
  specs:
    repose/manual_groovy (0.0.1)

GIT
  remote: https://github.com/rackerlabs/repose-puppet-modules
  path: manual_java
  ref: master
  sha: 4e0947bc27688926f828cad0fb2702e9c6e9e4d0
  specs:
    repose/manual_java (0.0.1)

GIT
  remote: https://github.com/rackerlabs/repose-puppet-modules
  path: manual_maven
  ref: master
  sha: 4e0947bc27688926f828cad0fb2702e9c6e9e4d0
  specs:
    repose/manual_maven (0.0.1)

GIT
  remote: https://github.com/rackerlabs/repose-puppet-modules
  path: puppet_master
  ref: master
  sha: 4e0947bc27688926f828cad0fb2702e9c6e9e4d0
  specs:
    repose/puppet_master (0.0.1)

GIT
  remote: https://github.com/rackerlabs/repose-puppet-modules
  path: users
  ref: master
  sha: 4e0947bc27688926f828cad0fb2702e9c6e9e4d0
  specs:
    repose/users (0.0.1)

DEPENDENCIES
  example42/java (= 2.0.3)
  maestrodev/maven (= 1.2.0)
  puppetlabs/apt (= 1.5.0)
  puppetlabs/firewall (= 1.1.2)
  puppetlabs/stdlib (= 4.2.2)
  repose/base (>= 0)
  repose/cloud_monitoring (>= 0)
  repose/common_utils (>= 0)
  repose/git (>= 0)
  repose/jenkins (>= 0)
  repose/manual_gradle (>= 0)
  repose/manual_groovy (>= 0)
  repose/manual_java (>= 0)
  repose/manual_maven (>= 0)
  repose/puppet_master (>= 0)
  repose/users (>= 0)

